
Microsoft Visual Studio Solution File, Format Version 11.00
# Visual Studio 2010
Project("{FAE04EC0-301F-11D3-BF4B-00C04F79EFBC}") = "MuseumProject", "Assembly-CSharp-firstpass.csproj", "{CBD4BD45-7194-8DAC-60D9-F1C8D61E395E}"
EndProject
Project("{FAE04EC0-301F-11D3-BF4B-00C04F79EFBC}") = "MuseumProject", "Assembly-CSharp.csproj", "{90D53285-C1A7-4A95-0563-18295578A758}"
EndProject
Project("{FAE04EC0-301F-11D3-BF4B-00C04F79EFBC}") = "MuseumProject", "Assembly-CSharp-Editor-firstpass.csproj", "{C5568061-3163-F971-EC1C-7283B0BD560C}"
EndProject
Project("{FAE04EC0-301F-11D3-BF4B-00C04F79EFBC}") = "MuseumProject", "Assembly-CSharp-Editor.csproj", "{634DE8E1-EF77-851F-5541-4A5CF51C76CD}"
EndProject
Global
	GlobalSection(SolutionConfigurationPlatforms) = preSolution
		Debug|Any CPU = Debug|Any CPU
		Release|Any CPU = Release|Any CPU
	EndGlobalSection
	GlobalSection(ProjectConfigurationPlatforms) = postSolution
		{CBD4BD45-7194-8DAC-60D9-F1C8D61E395E}.Debug|Any CPU.ActiveCfg = Debug|Any CPU
		{CBD4BD45-7194-8DAC-60D9-F1C8D61E395E}.Debug|Any CPU.Build.0 = Debug|Any CPU
		{CBD4BD45-7194-8DAC-60D9-F1C8D61E395E}.Release|Any CPU.ActiveCfg = Release|Any CPU
		{CBD4BD45-7194-8DAC-60D9-F1C8D61E395E}.Release|Any CPU.Build.0 = Release|Any CPU
		{90D53285-C1A7-4A95-0563-18295578A758}.Debug|Any CPU.ActiveCfg = Debug|Any CPU
		{90D53285-C1A7-4A95-0563-18295578A758}.Debug|Any CPU.Build.0 = Debug|Any CPU
		{90D53285-C1A7-4A95-0563-18295578A758}.Release|Any CPU.ActiveCfg = Release|Any CPU
		{90D53285-C1A7-4A95-0563-18295578A758}.Release|Any CPU.Build.0 = Release|Any CPU
		{C5568061-3163-F971-EC1C-7283B0BD560C}.Debug|Any CPU.ActiveCfg = Debug|Any CPU
		{C5568061-3163-F971-EC1C-7283B0BD560C}.Debug|Any CPU.Build.0 = Debug|Any CPU
		{C5568061-3163-F971-EC1C-7283B0BD560C}.Release|Any CPU.ActiveCfg = Release|Any CPU
		{C5568061-3163-F971-EC1C-7283B0BD560C}.Release|Any CPU.Build.0 = Release|Any CPU
		{634DE8E1-EF77-851F-5541-4A5CF51C76CD}.Debug|Any CPU.ActiveCfg = Debug|Any CPU
		{634DE8E1-EF77-851F-5541-4A5CF51C76CD}.Debug|Any CPU.Build.0 = Debug|Any CPU
		{634DE8E1-EF77-851F-5541-4A5CF51C76CD}.Release|Any CPU.ActiveCfg = Release|Any CPU
		{634DE8E1-EF77-851F-5541-4A5CF51C76CD}.Release|Any CPU.Build.0 = Release|Any CPU
	EndGlobalSection
	GlobalSection(SolutionProperties) = preSolution
		HideSolutionNode = FALSE
	EndGlobalSection
	GlobalSection(MonoDevelopProperties) = preSolution
		StartupItem = Assembly-CSharp.csproj
	EndGlobalSection
EndGlobal
