
Microsoft Visual Studio Solution File, Format Version 12.00
# Visual Studio 2017
Project("{FAE04EC0-301F-11D3-BF4B-00C04F79EFBC}") = "MuseumProject.Plugins", "MuseumProject.Plugins.csproj", "{6B3F2599-8C9D-5330-B099-E5631761258F}"
EndProject
Project("{FAE04EC0-301F-11D3-BF4B-00C04F79EFBC}") = "MuseumProject.Editor.Plugins", "MuseumProject.Editor.Plugins.csproj", "{C122238F-E721-2F71-7E5A-85877F5BA607}"
EndProject
Global
	GlobalSection(SolutionConfigurationPlatforms) = preSolution
		Debug|Any CPU = Debug|Any CPU
		Release|Any CPU = Release|Any CPU
	EndGlobalSection
	GlobalSection(ProjectConfigurationPlatforms) = postSolution
		{6B3F2599-8C9D-5330-B099-E5631761258F}.Debug|Any CPU.ActiveCfg = Debug|Any CPU
		{6B3F2599-8C9D-5330-B099-E5631761258F}.Debug|Any CPU.Build.0 = Debug|Any CPU
		{6B3F2599-8C9D-5330-B099-E5631761258F}.Release|Any CPU.ActiveCfg = Release|Any CPU
		{6B3F2599-8C9D-5330-B099-E5631761258F}.Release|Any CPU.Build.0 = Release|Any CPU
		{C122238F-E721-2F71-7E5A-85877F5BA607}.Debug|Any CPU.ActiveCfg = Debug|Any CPU
		{C122238F-E721-2F71-7E5A-85877F5BA607}.Debug|Any CPU.Build.0 = Debug|Any CPU
		{C122238F-E721-2F71-7E5A-85877F5BA607}.Release|Any CPU.ActiveCfg = Release|Any CPU
		{C122238F-E721-2F71-7E5A-85877F5BA607}.Release|Any CPU.Build.0 = Release|Any CPU
	EndGlobalSection
	GlobalSection(SolutionProperties) = preSolution
		HideSolutionNode = FALSE
	EndGlobalSection
EndGlobal
